
Microsoft Visual Studio Solution File, Format Version 12.00
# Visual Studio 14
VisualStudioVersion = 14.0.25123.0
MinimumVisualStudioVersion = 10.0.40219.1
Project("{FAE04EC0-301F-11D3-BF4B-00C04F79EFBC}") = "CaixaEletronico", "CursoAluraCSharp1\CaixaEletronico.csproj", "{973C9ECA-0188-49D6-A6B2-8C38BD1610DC}"
EndProject
Global
	GlobalSection(SolutionConfigurationPlatforms) = preSolution
		Debug|Any CPU = Debug|Any CPU
		Release|Any CPU = Release|Any CPU
	EndGlobalSection
	GlobalSection(ProjectConfigurationPlatforms) = postSolution
		{973C9ECA-0188-49D6-A6B2-8C38BD1610DC}.Debug|Any CPU.ActiveCfg = Debug|Any CPU
		{973C9ECA-0188-49D6-A6B2-8C38BD1610DC}.Debug|Any CPU.Build.0 = Debug|Any CPU
		{973C9ECA-0188-49D6-A6B2-8C38BD1610DC}.Release|Any CPU.ActiveCfg = Release|Any CPU
		{973C9ECA-0188-49D6-A6B2-8C38BD1610DC}.Release|Any CPU.Build.0 = Release|Any CPU
	EndGlobalSection
	GlobalSection(SolutionProperties) = preSolution
		HideSolutionNode = FALSE
	EndGlobalSection
EndGlobal
